
Microsoft Visual Studio Solution File, Format Version 12.00
# Visual Studio Version 17
VisualStudioVersion = 17.2.32526.322
MinimumVisualStudioVersion = 10.0.40219.1
Project("{FAE04EC0-301F-11D3-BF4B-00C04F79EFBC}") = "Ponos.Api", "Ponos.Api.csproj", "{D5FE812E-3D43-4357-8F87-D225958FC562}"
EndProject
Global
	GlobalSection(SolutionConfigurationPlatforms) = preSolution
		Debug|Any CPU = Debug|Any CPU
		Release|Any CPU = Release|Any CPU
	EndGlobalSection
	GlobalSection(ProjectConfigurationPlatforms) = postSolution
		{D5FE812E-3D43-4357-8F87-D225958FC562}.Debug|Any CPU.ActiveCfg = Debug|Any CPU
		{D5FE812E-3D43-4357-8F87-D225958FC562}.Debug|Any CPU.Build.0 = Debug|Any CPU
		{D5FE812E-3D43-4357-8F87-D225958FC562}.Release|Any CPU.ActiveCfg = Release|Any CPU
		{D5FE812E-3D43-4357-8F87-D225958FC562}.Release|Any CPU.Build.0 = Release|Any CPU
	EndGlobalSection
	GlobalSection(SolutionProperties) = preSolution
		HideSolutionNode = FALSE
	EndGlobalSection
	GlobalSection(ExtensibilityGlobals) = postSolution
		SolutionGuid = {BC66F5DB-35C4-48DA-AC37-F7F9F98651E7}
	EndGlobalSection
EndGlobal
